
Microsoft Visual Studio Solution File, Format Version 12.00
# Visual Studio 15
Project("{FAE04EC0-301F-11D3-BF4B-00C04F79EFBC}") = "cidemo", "cidemo\cidemo.csproj", "{3352078F-9AC1-4B90-B343-7D727505F23C}"
EndProject
Global
	GlobalSection(SolutionConfigurationPlatforms) = preSolution
		Debug|Any CPU = Debug|Any CPU
		Release|Any CPU = Release|Any CPU
	EndGlobalSection
	GlobalSection(ProjectConfigurationPlatforms) = postSolution
		{3352078F-9AC1-4B90-B343-7D727505F23C}.Debug|Any CPU.ActiveCfg = Debug|Any CPU
		{3352078F-9AC1-4B90-B343-7D727505F23C}.Debug|Any CPU.Build.0 = Debug|Any CPU
		{3352078F-9AC1-4B90-B343-7D727505F23C}.Release|Any CPU.ActiveCfg = Release|Any CPU
		{3352078F-9AC1-4B90-B343-7D727505F23C}.Release|Any CPU.Build.0 = Release|Any CPU
	EndGlobalSection
EndGlobal
